
Microsoft Visual Studio Solution File, Format Version 12.00
# Visual Studio 15
Project("{FAE04EC0-301F-11D3-BF4B-00C04F79EFBC}") = "BettingPlatformEmulatorTest", "BettingPlatformEmulatorTest\BettingPlatformEmulatorTest.csproj", "{BB6F05CB-4BDC-4E20-9699-C0F28C5D240C}"
EndProject
Project("{FAE04EC0-301F-11D3-BF4B-00C04F79EFBC}") = "Library", "Library\Library.csproj", "{E0233C93-7AC6-49EB-9CC5-D51D9DC223F5}"
EndProject
Project("{FAE04EC0-301F-11D3-BF4B-00C04F79EFBC}") = "Task_1.1", "Task_1.1\Task_1.1.csproj", "{4A8CD2C4-E0B1-4A31-9C47-52133BE48B5D}"
EndProject
Project("{FAE04EC0-301F-11D3-BF4B-00C04F79EFBC}") = "Task_1.2", "Task_1.2\Task_1.2.csproj", "{9A0A43A3-D770-49F9-945E-6894C5D1851A}"
EndProject
Project("{FAE04EC0-301F-11D3-BF4B-00C04F79EFBC}") = "Task_1.3", "Task_1.3\Task_1.3.csproj", "{7A752C5B-C726-4FC1-9C05-E6DCC703DE3D}"
EndProject
Project("{FAE04EC0-301F-11D3-BF4B-00C04F79EFBC}") = "Task_1.4", "Task_1.4\Task_1.4.csproj", "{A1B2F32B-B573-4B99-91F2-3865897133B9}"
EndProject
Project("{FAE04EC0-301F-11D3-BF4B-00C04F79EFBC}") = "Task_1.5", "Task_1.5\Task_1.5.csproj", "{6E91907B-CB5A-4C65-B5F7-0573DA02CB0A}"
EndProject
Project("{FAE04EC0-301F-11D3-BF4B-00C04F79EFBC}") = "Task_2.1", "Task_2.1\Task_2.1.csproj", "{CF33AE94-6315-4401-9941-413F3794B7DD}"
EndProject
Project("{FAE04EC0-301F-11D3-BF4B-00C04F79EFBC}") = "Task_3.1", "Task_3.1\Task_3.1.csproj", "{AAC533BB-CEAC-435A-A7E3-6751EF51A225}"
EndProject
Project("{FAE04EC0-301F-11D3-BF4B-00C04F79EFBC}") = "Task_3.2", "Task_3.2\Task_3.2.csproj", "{1E082DD8-793C-427C-B442-9A4036AFAABF}"
EndProject
Project("{FAE04EC0-301F-11D3-BF4B-00C04F79EFBC}") = "Task_4.1", "Task_4.1\Task_4.1.csproj", "{340F5FD1-E1E8-40AC-8633-70B5D7F5AC00}"
EndProject
Project("{FAE04EC0-301F-11D3-BF4B-00C04F79EFBC}") = "Task_4.2", "Task_4.2\Task_4.2.csproj", "{F14F30F2-F161-47C1-A56C-3398CEA53635}"
EndProject
Global
	GlobalSection(SolutionConfigurationPlatforms) = preSolution
		Debug|Any CPU = Debug|Any CPU
		Release|Any CPU = Release|Any CPU
	EndGlobalSection
	GlobalSection(ProjectConfigurationPlatforms) = postSolution
		{BB6F05CB-4BDC-4E20-9699-C0F28C5D240C}.Debug|Any CPU.ActiveCfg = Debug|Any CPU
		{BB6F05CB-4BDC-4E20-9699-C0F28C5D240C}.Debug|Any CPU.Build.0 = Debug|Any CPU
		{BB6F05CB-4BDC-4E20-9699-C0F28C5D240C}.Release|Any CPU.ActiveCfg = Release|Any CPU
		{BB6F05CB-4BDC-4E20-9699-C0F28C5D240C}.Release|Any CPU.Build.0 = Release|Any CPU
		{E0233C93-7AC6-49EB-9CC5-D51D9DC223F5}.Debug|Any CPU.ActiveCfg = Debug|Any CPU
		{E0233C93-7AC6-49EB-9CC5-D51D9DC223F5}.Debug|Any CPU.Build.0 = Debug|Any CPU
		{E0233C93-7AC6-49EB-9CC5-D51D9DC223F5}.Release|Any CPU.ActiveCfg = Release|Any CPU
		{E0233C93-7AC6-49EB-9CC5-D51D9DC223F5}.Release|Any CPU.Build.0 = Release|Any CPU
		{4A8CD2C4-E0B1-4A31-9C47-52133BE48B5D}.Debug|Any CPU.ActiveCfg = Debug|Any CPU
		{4A8CD2C4-E0B1-4A31-9C47-52133BE48B5D}.Debug|Any CPU.Build.0 = Debug|Any CPU
		{4A8CD2C4-E0B1-4A31-9C47-52133BE48B5D}.Release|Any CPU.ActiveCfg = Release|Any CPU
		{4A8CD2C4-E0B1-4A31-9C47-52133BE48B5D}.Release|Any CPU.Build.0 = Release|Any CPU
		{9A0A43A3-D770-49F9-945E-6894C5D1851A}.Debug|Any CPU.ActiveCfg = Debug|Any CPU
		{9A0A43A3-D770-49F9-945E-6894C5D1851A}.Debug|Any CPU.Build.0 = Debug|Any CPU
		{9A0A43A3-D770-49F9-945E-6894C5D1851A}.Release|Any CPU.ActiveCfg = Release|Any CPU
		{9A0A43A3-D770-49F9-945E-6894C5D1851A}.Release|Any CPU.Build.0 = Release|Any CPU
		{7A752C5B-C726-4FC1-9C05-E6DCC703DE3D}.Debug|Any CPU.ActiveCfg = Debug|Any CPU
		{7A752C5B-C726-4FC1-9C05-E6DCC703DE3D}.Debug|Any CPU.Build.0 = Debug|Any CPU
		{7A752C5B-C726-4FC1-9C05-E6DCC703DE3D}.Release|Any CPU.ActiveCfg = Release|Any CPU
		{7A752C5B-C726-4FC1-9C05-E6DCC703DE3D}.Release|Any CPU.Build.0 = Release|Any CPU
		{A1B2F32B-B573-4B99-91F2-3865897133B9}.Debug|Any CPU.ActiveCfg = Debug|Any CPU
		{A1B2F32B-B573-4B99-91F2-3865897133B9}.Debug|Any CPU.Build.0 = Debug|Any CPU
		{A1B2F32B-B573-4B99-91F2-3865897133B9}.Release|Any CPU.ActiveCfg = Release|Any CPU
		{A1B2F32B-B573-4B99-91F2-3865897133B9}.Release|Any CPU.Build.0 = Release|Any CPU
		{6E91907B-CB5A-4C65-B5F7-0573DA02CB0A}.Debug|Any CPU.ActiveCfg = Debug|Any CPU
		{6E91907B-CB5A-4C65-B5F7-0573DA02CB0A}.Debug|Any CPU.Build.0 = Debug|Any CPU
		{6E91907B-CB5A-4C65-B5F7-0573DA02CB0A}.Release|Any CPU.ActiveCfg = Release|Any CPU
		{6E91907B-CB5A-4C65-B5F7-0573DA02CB0A}.Release|Any CPU.Build.0 = Release|Any CPU
		{CF33AE94-6315-4401-9941-413F3794B7DD}.Debug|Any CPU.ActiveCfg = Debug|Any CPU
		{CF33AE94-6315-4401-9941-413F3794B7DD}.Debug|Any CPU.Build.0 = Debug|Any CPU
		{CF33AE94-6315-4401-9941-413F3794B7DD}.Release|Any CPU.ActiveCfg = Release|Any CPU
		{CF33AE94-6315-4401-9941-413F3794B7DD}.Release|Any CPU.Build.0 = Release|Any CPU
		{AAC533BB-CEAC-435A-A7E3-6751EF51A225}.Debug|Any CPU.ActiveCfg = Debug|Any CPU
		{AAC533BB-CEAC-435A-A7E3-6751EF51A225}.Debug|Any CPU.Build.0 = Debug|Any CPU
		{AAC533BB-CEAC-435A-A7E3-6751EF51A225}.Release|Any CPU.ActiveCfg = Release|Any CPU
		{AAC533BB-CEAC-435A-A7E3-6751EF51A225}.Release|Any CPU.Build.0 = Release|Any CPU
		{1E082DD8-793C-427C-B442-9A4036AFAABF}.Debug|Any CPU.ActiveCfg = Debug|Any CPU
		{1E082DD8-793C-427C-B442-9A4036AFAABF}.Debug|Any CPU.Build.0 = Debug|Any CPU
		{1E082DD8-793C-427C-B442-9A4036AFAABF}.Release|Any CPU.ActiveCfg = Release|Any CPU
		{1E082DD8-793C-427C-B442-9A4036AFAABF}.Release|Any CPU.Build.0 = Release|Any CPU
		{340F5FD1-E1E8-40AC-8633-70B5D7F5AC00}.Debug|Any CPU.ActiveCfg = Debug|Any CPU
		{340F5FD1-E1E8-40AC-8633-70B5D7F5AC00}.Debug|Any CPU.Build.0 = Debug|Any CPU
		{340F5FD1-E1E8-40AC-8633-70B5D7F5AC00}.Release|Any CPU.ActiveCfg = Release|Any CPU
		{340F5FD1-E1E8-40AC-8633-70B5D7F5AC00}.Release|Any CPU.Build.0 = Release|Any CPU
		{F14F30F2-F161-47C1-A56C-3398CEA53635}.Debug|Any CPU.ActiveCfg = Debug|Any CPU
		{F14F30F2-F161-47C1-A56C-3398CEA53635}.Debug|Any CPU.Build.0 = Debug|Any CPU
		{F14F30F2-F161-47C1-A56C-3398CEA53635}.Release|Any CPU.ActiveCfg = Release|Any CPU
		{F14F30F2-F161-47C1-A56C-3398CEA53635}.Release|Any CPU.Build.0 = Release|Any CPU
	EndGlobalSection
EndGlobal
